
Microsoft Visual Studio Solution File, Format Version 12.00
# Visual Studio 15
VisualStudioVersion = 15.0.26124.0
MinimumVisualStudioVersion = 15.0.26124.0
Project("{2150E333-8FDC-42A3-9474-1A3956D46DE8}") = "Code", "Code", "{ECB2146E-46E2-41BA-AE4C-2D7AAB7519AA}"
EndProject
Project("{FAE04EC0-301F-11D3-BF4B-00C04F79EFBC}") = "remo.Api", "Code\remo.Api\remo.Api.csproj", "{6BCBBF9D-5AB7-4D53-AF4A-C7CDA75EC7C7}"
EndProject
Project("{FAE04EC0-301F-11D3-BF4B-00C04F79EFBC}") = "remo.Business", "Code\remo.Business\remo.Business.csproj", "{8CDB6A70-51FA-46BE-B644-B2D5B1DBFC9D}"
EndProject
Project("{FAE04EC0-301F-11D3-BF4B-00C04F79EFBC}") = "remo.Data", "Code\remo.Data\remo.Data.csproj", "{EEB7D0AB-1F83-454E-9FEB-30C3CE94BBC9}"
EndProject
Project("{FAE04EC0-301F-11D3-BF4B-00C04F79EFBC}") = "remo.Entities", "Code\remo.Entities\remo.Entities.csproj", "{62E36BBB-2CC2-4CDD-8700-4065C6C624AB}"
EndProject
Project("{FAE04EC0-301F-11D3-BF4B-00C04F79EFBC}") = "remo.Test.Api", "Code\remo.Test.Api\remo.Test.Api.csproj", "{BE94EAF8-C831-4195-87F7-D5A9A61B8D65}"
EndProject
Project("{FAE04EC0-301F-11D3-BF4B-00C04F79EFBC}") = "remo.Test.Business", "Code\remo.Test.Business\remo.Test.Business.csproj", "{2A39ECE7-DB07-4337-B21C-F555972A81C9}"
EndProject
Project("{FAE04EC0-301F-11D3-BF4B-00C04F79EFBC}") = "remo.Test.Framework", "Code\remo.Test.Framework\remo.Test.Framework.csproj", "{AFE37549-5ABD-4C41-90B4-8CC37176BE86}"
EndProject
Project("{2150E333-8FDC-42A3-9474-1A3956D46DE8}") = "Test", "Test", "{A5D71426-83A0-46E0-BC46-6131191464AE}"
EndProject
Global
	GlobalSection(SolutionConfigurationPlatforms) = preSolution
		Debug|Any CPU = Debug|Any CPU
		Debug|x64 = Debug|x64
		Debug|x86 = Debug|x86
		Release|Any CPU = Release|Any CPU
		Release|x64 = Release|x64
		Release|x86 = Release|x86
	EndGlobalSection
	GlobalSection(SolutionProperties) = preSolution
		HideSolutionNode = FALSE
	EndGlobalSection
	GlobalSection(ProjectConfigurationPlatforms) = postSolution
		{6BCBBF9D-5AB7-4D53-AF4A-C7CDA75EC7C7}.Debug|Any CPU.ActiveCfg = Debug|Any CPU
		{6BCBBF9D-5AB7-4D53-AF4A-C7CDA75EC7C7}.Debug|Any CPU.Build.0 = Debug|Any CPU
		{6BCBBF9D-5AB7-4D53-AF4A-C7CDA75EC7C7}.Debug|x64.ActiveCfg = Debug|Any CPU
		{6BCBBF9D-5AB7-4D53-AF4A-C7CDA75EC7C7}.Debug|x64.Build.0 = Debug|Any CPU
		{6BCBBF9D-5AB7-4D53-AF4A-C7CDA75EC7C7}.Debug|x86.ActiveCfg = Debug|Any CPU
		{6BCBBF9D-5AB7-4D53-AF4A-C7CDA75EC7C7}.Debug|x86.Build.0 = Debug|Any CPU
		{6BCBBF9D-5AB7-4D53-AF4A-C7CDA75EC7C7}.Release|Any CPU.ActiveCfg = Release|Any CPU
		{6BCBBF9D-5AB7-4D53-AF4A-C7CDA75EC7C7}.Release|Any CPU.Build.0 = Release|Any CPU
		{6BCBBF9D-5AB7-4D53-AF4A-C7CDA75EC7C7}.Release|x64.ActiveCfg = Release|Any CPU
		{6BCBBF9D-5AB7-4D53-AF4A-C7CDA75EC7C7}.Release|x64.Build.0 = Release|Any CPU
		{6BCBBF9D-5AB7-4D53-AF4A-C7CDA75EC7C7}.Release|x86.ActiveCfg = Release|Any CPU
		{6BCBBF9D-5AB7-4D53-AF4A-C7CDA75EC7C7}.Release|x86.Build.0 = Release|Any CPU
		{8CDB6A70-51FA-46BE-B644-B2D5B1DBFC9D}.Debug|Any CPU.ActiveCfg = Debug|Any CPU
		{8CDB6A70-51FA-46BE-B644-B2D5B1DBFC9D}.Debug|Any CPU.Build.0 = Debug|Any CPU
		{8CDB6A70-51FA-46BE-B644-B2D5B1DBFC9D}.Debug|x64.ActiveCfg = Debug|Any CPU
		{8CDB6A70-51FA-46BE-B644-B2D5B1DBFC9D}.Debug|x64.Build.0 = Debug|Any CPU
		{8CDB6A70-51FA-46BE-B644-B2D5B1DBFC9D}.Debug|x86.ActiveCfg = Debug|Any CPU
		{8CDB6A70-51FA-46BE-B644-B2D5B1DBFC9D}.Debug|x86.Build.0 = Debug|Any CPU
		{8CDB6A70-51FA-46BE-B644-B2D5B1DBFC9D}.Release|Any CPU.ActiveCfg = Release|Any CPU
		{8CDB6A70-51FA-46BE-B644-B2D5B1DBFC9D}.Release|Any CPU.Build.0 = Release|Any CPU
		{8CDB6A70-51FA-46BE-B644-B2D5B1DBFC9D}.Release|x64.ActiveCfg = Release|Any CPU
		{8CDB6A70-51FA-46BE-B644-B2D5B1DBFC9D}.Release|x64.Build.0 = Release|Any CPU
		{8CDB6A70-51FA-46BE-B644-B2D5B1DBFC9D}.Release|x86.ActiveCfg = Release|Any CPU
		{8CDB6A70-51FA-46BE-B644-B2D5B1DBFC9D}.Release|x86.Build.0 = Release|Any CPU
		{EEB7D0AB-1F83-454E-9FEB-30C3CE94BBC9}.Debug|Any CPU.ActiveCfg = Debug|Any CPU
		{EEB7D0AB-1F83-454E-9FEB-30C3CE94BBC9}.Debug|Any CPU.Build.0 = Debug|Any CPU
		{EEB7D0AB-1F83-454E-9FEB-30C3CE94BBC9}.Debug|x64.ActiveCfg = Debug|Any CPU
		{EEB7D0AB-1F83-454E-9FEB-30C3CE94BBC9}.Debug|x64.Build.0 = Debug|Any CPU
		{EEB7D0AB-1F83-454E-9FEB-30C3CE94BBC9}.Debug|x86.ActiveCfg = Debug|Any CPU
		{EEB7D0AB-1F83-454E-9FEB-30C3CE94BBC9}.Debug|x86.Build.0 = Debug|Any CPU
		{EEB7D0AB-1F83-454E-9FEB-30C3CE94BBC9}.Release|Any CPU.ActiveCfg = Release|Any CPU
		{EEB7D0AB-1F83-454E-9FEB-30C3CE94BBC9}.Release|Any CPU.Build.0 = Release|Any CPU
		{EEB7D0AB-1F83-454E-9FEB-30C3CE94BBC9}.Release|x64.ActiveCfg = Release|Any CPU
		{EEB7D0AB-1F83-454E-9FEB-30C3CE94BBC9}.Release|x64.Build.0 = Release|Any CPU
		{EEB7D0AB-1F83-454E-9FEB-30C3CE94BBC9}.Release|x86.ActiveCfg = Release|Any CPU
		{EEB7D0AB-1F83-454E-9FEB-30C3CE94BBC9}.Release|x86.Build.0 = Release|Any CPU
		{62E36BBB-2CC2-4CDD-8700-4065C6C624AB}.Debug|Any CPU.ActiveCfg = Debug|Any CPU
		{62E36BBB-2CC2-4CDD-8700-4065C6C624AB}.Debug|Any CPU.Build.0 = Debug|Any CPU
		{62E36BBB-2CC2-4CDD-8700-4065C6C624AB}.Debug|x64.ActiveCfg = Debug|Any CPU
		{62E36BBB-2CC2-4CDD-8700-4065C6C624AB}.Debug|x64.Build.0 = Debug|Any CPU
		{62E36BBB-2CC2-4CDD-8700-4065C6C624AB}.Debug|x86.ActiveCfg = Debug|Any CPU
		{62E36BBB-2CC2-4CDD-8700-4065C6C624AB}.Debug|x86.Build.0 = Debug|Any CPU
		{62E36BBB-2CC2-4CDD-8700-4065C6C624AB}.Release|Any CPU.ActiveCfg = Release|Any CPU
		{62E36BBB-2CC2-4CDD-8700-4065C6C624AB}.Release|Any CPU.Build.0 = Release|Any CPU
		{62E36BBB-2CC2-4CDD-8700-4065C6C624AB}.Release|x64.ActiveCfg = Release|Any CPU
		{62E36BBB-2CC2-4CDD-8700-4065C6C624AB}.Release|x64.Build.0 = Release|Any CPU
		{62E36BBB-2CC2-4CDD-8700-4065C6C624AB}.Release|x86.ActiveCfg = Release|Any CPU
		{62E36BBB-2CC2-4CDD-8700-4065C6C624AB}.Release|x86.Build.0 = Release|Any CPU
		{BE94EAF8-C831-4195-87F7-D5A9A61B8D65}.Debug|Any CPU.ActiveCfg = Debug|Any CPU
		{BE94EAF8-C831-4195-87F7-D5A9A61B8D65}.Debug|Any CPU.Build.0 = Debug|Any CPU
		{BE94EAF8-C831-4195-87F7-D5A9A61B8D65}.Debug|x64.ActiveCfg = Debug|Any CPU
		{BE94EAF8-C831-4195-87F7-D5A9A61B8D65}.Debug|x64.Build.0 = Debug|Any CPU
		{BE94EAF8-C831-4195-87F7-D5A9A61B8D65}.Debug|x86.ActiveCfg = Debug|Any CPU
		{BE94EAF8-C831-4195-87F7-D5A9A61B8D65}.Debug|x86.Build.0 = Debug|Any CPU
		{BE94EAF8-C831-4195-87F7-D5A9A61B8D65}.Release|Any CPU.ActiveCfg = Release|Any CPU
		{BE94EAF8-C831-4195-87F7-D5A9A61B8D65}.Release|Any CPU.Build.0 = Release|Any CPU
		{BE94EAF8-C831-4195-87F7-D5A9A61B8D65}.Release|x64.ActiveCfg = Release|Any CPU
		{BE94EAF8-C831-4195-87F7-D5A9A61B8D65}.Release|x64.Build.0 = Release|Any CPU
		{BE94EAF8-C831-4195-87F7-D5A9A61B8D65}.Release|x86.ActiveCfg = Release|Any CPU
		{BE94EAF8-C831-4195-87F7-D5A9A61B8D65}.Release|x86.Build.0 = Release|Any CPU
		{2A39ECE7-DB07-4337-B21C-F555972A81C9}.Debug|Any CPU.ActiveCfg = Debug|Any CPU
		{2A39ECE7-DB07-4337-B21C-F555972A81C9}.Debug|Any CPU.Build.0 = Debug|Any CPU
		{2A39ECE7-DB07-4337-B21C-F555972A81C9}.Debug|x64.ActiveCfg = Debug|Any CPU
		{2A39ECE7-DB07-4337-B21C-F555972A81C9}.Debug|x64.Build.0 = Debug|Any CPU
		{2A39ECE7-DB07-4337-B21C-F555972A81C9}.Debug|x86.ActiveCfg = Debug|Any CPU
		{2A39ECE7-DB07-4337-B21C-F555972A81C9}.Debug|x86.Build.0 = Debug|Any CPU
		{2A39ECE7-DB07-4337-B21C-F555972A81C9}.Release|Any CPU.ActiveCfg = Release|Any CPU
		{2A39ECE7-DB07-4337-B21C-F555972A81C9}.Release|Any CPU.Build.0 = Release|Any CPU
		{2A39ECE7-DB07-4337-B21C-F555972A81C9}.Release|x64.ActiveCfg = Release|Any CPU
		{2A39ECE7-DB07-4337-B21C-F555972A81C9}.Release|x64.Build.0 = Release|Any CPU
		{2A39ECE7-DB07-4337-B21C-F555972A81C9}.Release|x86.ActiveCfg = Release|Any CPU
		{2A39ECE7-DB07-4337-B21C-F555972A81C9}.Release|x86.Build.0 = Release|Any CPU
		{AFE37549-5ABD-4C41-90B4-8CC37176BE86}.Debug|Any CPU.ActiveCfg = Debug|Any CPU
		{AFE37549-5ABD-4C41-90B4-8CC37176BE86}.Debug|Any CPU.Build.0 = Debug|Any CPU
		{AFE37549-5ABD-4C41-90B4-8CC37176BE86}.Debug|x64.ActiveCfg = Debug|Any CPU
		{AFE37549-5ABD-4C41-90B4-8CC37176BE86}.Debug|x64.Build.0 = Debug|Any CPU
		{AFE37549-5ABD-4C41-90B4-8CC37176BE86}.Debug|x86.ActiveCfg = Debug|Any CPU
		{AFE37549-5ABD-4C41-90B4-8CC37176BE86}.Debug|x86.Build.0 = Debug|Any CPU
		{AFE37549-5ABD-4C41-90B4-8CC37176BE86}.Release|Any CPU.ActiveCfg = Release|Any CPU
		{AFE37549-5ABD-4C41-90B4-8CC37176BE86}.Release|Any CPU.Build.0 = Release|Any CPU
		{AFE37549-5ABD-4C41-90B4-8CC37176BE86}.Release|x64.ActiveCfg = Release|Any CPU
		{AFE37549-5ABD-4C41-90B4-8CC37176BE86}.Release|x64.Build.0 = Release|Any CPU
		{AFE37549-5ABD-4C41-90B4-8CC37176BE86}.Release|x86.ActiveCfg = Release|Any CPU
		{AFE37549-5ABD-4C41-90B4-8CC37176BE86}.Release|x86.Build.0 = Release|Any CPU
	EndGlobalSection
	GlobalSection(NestedProjects) = preSolution
		{6BCBBF9D-5AB7-4D53-AF4A-C7CDA75EC7C7} = {ECB2146E-46E2-41BA-AE4C-2D7AAB7519AA}
		{8CDB6A70-51FA-46BE-B644-B2D5B1DBFC9D} = {ECB2146E-46E2-41BA-AE4C-2D7AAB7519AA}
		{EEB7D0AB-1F83-454E-9FEB-30C3CE94BBC9} = {ECB2146E-46E2-41BA-AE4C-2D7AAB7519AA}
		{62E36BBB-2CC2-4CDD-8700-4065C6C624AB} = {ECB2146E-46E2-41BA-AE4C-2D7AAB7519AA}
		{BE94EAF8-C831-4195-87F7-D5A9A61B8D65} = {A5D71426-83A0-46E0-BC46-6131191464AE}
		{2A39ECE7-DB07-4337-B21C-F555972A81C9} = {A5D71426-83A0-46E0-BC46-6131191464AE}
		{AFE37549-5ABD-4C41-90B4-8CC37176BE86} = {A5D71426-83A0-46E0-BC46-6131191464AE}
	EndGlobalSection
EndGlobal
